
Microsoft Visual Studio Solution File, Format Version 12.00
# Visual Studio Version 17
VisualStudioVersion = 17.5.002.0
MinimumVisualStudioVersion = 10.0.40219.1
Project("{9A19103F-16F7-4668-BE54-9A1E7A4F7556}") = "PlatformService", "PlatformService\PlatformService.csproj", "{BCB3DB8B-68A4-4135-BC18-C5BD22E5A1B0}"
Project("{9A19103F-16F7-4668-BE54-9A1E7A4F7556}") = "CommandsService", "CommandsService\CommandsService.csproj", "{BCB3DB8B-68A4-4135-BC18-C5BD22E5A1B1}"
EndProject
Global
	GlobalSection(SolutionConfigurationPlatforms) = preSolution
		Debug|Any CPU = Debug|Any CPU
		Release|Any CPU = Release|Any CPU
	EndGlobalSection
	GlobalSection(ProjectConfigurationPlatforms) = postSolution
		{BCB3DB8B-68A4-4135-BC18-C5BD22E5A1B0}.Debug|Any CPU.ActiveCfg = Debug|Any CPU
		{BCB3DB8B-68A4-4135-BC18-C5BD22E5A1B0}.Debug|Any CPU.Build.0 = Debug|Any CPU
		{BCB3DB8B-68A4-4135-BC18-C5BD22E5A1B0}.Release|Any CPU.ActiveCfg = Release|Any CPU
		{BCB3DB8B-68A4-4135-BC18-C5BD22E5A1B0}.Release|Any CPU.Build.0 = Release|Any CPU
	EndGlobalSection
	GlobalSection(SolutionProperties) = preSolution
		HideSolutionNode = FALSE
	EndGlobalSection
	GlobalSection(ExtensibilityGlobals) = postSolution
		SolutionGuid = {F83A912C-8998-48C9-A711-5DB99313881C}
	EndGlobalSection
EndGlobal
